
Microsoft Visual Studio Solution File, Format Version 12.00
# Visual Studio Version 17
VisualStudioVersion = 17.14.36221.1 d17.14
MinimumVisualStudioVersion = 10.0.40219.1
Project("{FAE04EC0-301F-11D3-BF4B-00C04F79EFBC}") = "Car_Rental_Management", "Car_Rental_Management\Car_Rental_Management.csproj", "{1FEFDCFC-B2A1-4D88-B452-39AF6FE24EC6}"
EndProject
Global
	GlobalSection(SolutionConfigurationPlatforms) = preSolution
		Debug|Any CPU = Debug|Any CPU
		Release|Any CPU = Release|Any CPU
	EndGlobalSection
	GlobalSection(ProjectConfigurationPlatforms) = postSolution
		{1FEFDCFC-B2A1-4D88-B452-39AF6FE24EC6}.Debug|Any CPU.ActiveCfg = Debug|Any CPU
		{1FEFDCFC-B2A1-4D88-B452-39AF6FE24EC6}.Debug|Any CPU.Build.0 = Debug|Any CPU
		{1FEFDCFC-B2A1-4D88-B452-39AF6FE24EC6}.Release|Any CPU.ActiveCfg = Release|Any CPU
		{1FEFDCFC-B2A1-4D88-B452-39AF6FE24EC6}.Release|Any CPU.Build.0 = Release|Any CPU
	EndGlobalSection
	GlobalSection(SolutionProperties) = preSolution
		HideSolutionNode = FALSE
	EndGlobalSection
	GlobalSection(ExtensibilityGlobals) = postSolution
		SolutionGuid = {38D057F3-4AC5-4D7C-B043-27AA9859C0E4}
	EndGlobalSection
EndGlobal
